
Microsoft Visual Studio Solution File, Format Version 12.00
# Visual Studio Version 17
VisualStudioVersion = 17.12.35424.110 d17.12
MinimumVisualStudioVersion = 10.0.40219.1
Project("{FAE04EC0-301F-11D3-BF4B-00C04F79EFBC}") = "Diary.Api", "Diary.Api\Diary.Api.csproj", "{5F1440B3-BE86-4C47-AB07-9B5E15D96FA0}"
EndProject
Project("{2150E333-8FDC-42A3-9474-1A3956D46DE8}") = "Solution Items", "Solution Items", "{D756B0C8-B3E0-4DCE-8E0F-4E93B9A28EFC}"
	ProjectSection(SolutionItems) = preProject
		Dockerfile = Dockerfile
		.dockerignore = .dockerignore
		README.md = README.md
		docker-compose.yml = docker-compose.yml
	EndProjectSection
EndProject
Project("{FAE04EC0-301F-11D3-BF4B-00C04F79EFBC}") = "Diary.Domain", "Diary.Domain\Diary.Domain.csproj", "{283AACB4-AC6E-4B0A-B045-1D45D853B80A}"
EndProject
Project("{FAE04EC0-301F-11D3-BF4B-00C04F79EFBC}") = "Diary.Infrastructure", "Diary.Infrastructure\Diary.Infrastructure.csproj", "{FBDD2AA6-AC47-4263-9DF4-3B6F8F157E99}"
EndProject
Project("{FAE04EC0-301F-11D3-BF4B-00C04F79EFBC}") = "Diary.UnitTests", "Diary.UnitTests\Diary.UnitTests.csproj", "{1D5B7D2F-5988-4912-B3D6-06370566F86B}"
EndProject
Project("{FAE04EC0-301F-11D3-BF4B-00C04F79EFBC}") = "Diary.Application", "Diary.Application\Diary.Application.csproj", "{D8DE84EB-1268-4B12-92E1-F71C4CDF3C33}"
EndProject
Project("{2150E333-8FDC-42A3-9474-1A3956D46DE8}") = "tests", "tests", "{A24F6509-8711-44E4-A60B-13A69131C1D5}"
EndProject
Global
	GlobalSection(SolutionConfigurationPlatforms) = preSolution
		Debug|Any CPU = Debug|Any CPU
		Release|Any CPU = Release|Any CPU
	EndGlobalSection
	GlobalSection(ProjectConfigurationPlatforms) = postSolution
		{5F1440B3-BE86-4C47-AB07-9B5E15D96FA0}.Debug|Any CPU.ActiveCfg = Debug|Any CPU
		{5F1440B3-BE86-4C47-AB07-9B5E15D96FA0}.Debug|Any CPU.Build.0 = Debug|Any CPU
		{5F1440B3-BE86-4C47-AB07-9B5E15D96FA0}.Release|Any CPU.ActiveCfg = Release|Any CPU
		{5F1440B3-BE86-4C47-AB07-9B5E15D96FA0}.Release|Any CPU.Build.0 = Release|Any CPU
		{283AACB4-AC6E-4B0A-B045-1D45D853B80A}.Debug|Any CPU.ActiveCfg = Debug|Any CPU
		{283AACB4-AC6E-4B0A-B045-1D45D853B80A}.Debug|Any CPU.Build.0 = Debug|Any CPU
		{283AACB4-AC6E-4B0A-B045-1D45D853B80A}.Release|Any CPU.ActiveCfg = Release|Any CPU
		{283AACB4-AC6E-4B0A-B045-1D45D853B80A}.Release|Any CPU.Build.0 = Release|Any CPU
		{FBDD2AA6-AC47-4263-9DF4-3B6F8F157E99}.Debug|Any CPU.ActiveCfg = Debug|Any CPU
		{FBDD2AA6-AC47-4263-9DF4-3B6F8F157E99}.Debug|Any CPU.Build.0 = Debug|Any CPU
		{FBDD2AA6-AC47-4263-9DF4-3B6F8F157E99}.Release|Any CPU.ActiveCfg = Release|Any CPU
		{FBDD2AA6-AC47-4263-9DF4-3B6F8F157E99}.Release|Any CPU.Build.0 = Release|Any CPU
		{1D5B7D2F-5988-4912-B3D6-06370566F86B}.Debug|Any CPU.ActiveCfg = Debug|Any CPU
		{1D5B7D2F-5988-4912-B3D6-06370566F86B}.Debug|Any CPU.Build.0 = Debug|Any CPU
		{1D5B7D2F-5988-4912-B3D6-06370566F86B}.Release|Any CPU.ActiveCfg = Release|Any CPU
		{1D5B7D2F-5988-4912-B3D6-06370566F86B}.Release|Any CPU.Build.0 = Release|Any CPU
		{D8DE84EB-1268-4B12-92E1-F71C4CDF3C33}.Debug|Any CPU.ActiveCfg = Debug|Any CPU
		{D8DE84EB-1268-4B12-92E1-F71C4CDF3C33}.Debug|Any CPU.Build.0 = Debug|Any CPU
		{D8DE84EB-1268-4B12-92E1-F71C4CDF3C33}.Release|Any CPU.ActiveCfg = Release|Any CPU
		{D8DE84EB-1268-4B12-92E1-F71C4CDF3C33}.Release|Any CPU.Build.0 = Release|Any CPU
	EndGlobalSection
	GlobalSection(SolutionProperties) = preSolution
		HideSolutionNode = FALSE
	EndGlobalSection
	GlobalSection(NestedProjects) = preSolution
		{1D5B7D2F-5988-4912-B3D6-06370566F86B} = {A24F6509-8711-44E4-A60B-13A69131C1D5}
	EndGlobalSection
EndGlobal
